
Microsoft Visual Studio Solution File, Format Version 12.00
Project("{2150E333-8FDC-42A3-9474-1A3956D46DE8}") = "src", "src", "{8B96BDE0-9D04-48C7-B26C-CB8A0AC41CE3}"
EndProject
Project("{2150E333-8FDC-42A3-9474-1A3956D46DE8}") = "tests", "tests", "{CC2CCD03-5E68-4A34-9A53-430232F41576}"
EndProject
Project("{2150E333-8FDC-42A3-9474-1A3956D46DE8}") = "Services", "Services", "{E8260F45-B30F-4306-B367-307D3F4E010C}"
EndProject
Project("{FAE04EC0-301F-11D3-BF4B-00C04F79EFBC}") = "UserService", "UserService\UserService.csproj", "{12D3B2B0-FCFE-4B10-8E75-830F15704055}"
EndProject
Project("{2150E333-8FDC-42A3-9474-1A3956D46DE8}") = "Gateway", "Gateway", "{BAD07FE1-4E35-4BE9-931E-91163635D004}"
EndProject
Project("{FAE04EC0-301F-11D3-BF4B-00C04F79EFBC}") = "APIGateway", "APIGateway\APIGateway.csproj", "{206A48A6-413B-4B27-AFD6-AFEBCE8E9823}"
EndProject
Project("{FAE04EC0-301F-11D3-BF4B-00C04F79EFBC}") = "BikeRental.MessageQueue", "BikeRental.MessageQueue\BikeRental.MessageQueue.csproj", "{A383562D-29A9-4123-9DF7-3220D09D2688}"
EndProject
Project("{FAE04EC0-301F-11D3-BF4B-00C04F79EFBC}") = "AccountService", "AccountService\AccountService.csproj", "{3F8CD70B-141A-411D-B859-56F727B166A0}"
EndProject
Project("{FAE04EC0-301F-11D3-BF4B-00C04F79EFBC}") = "BikeRental.Shared", "BikeRental.Shared\BikeRental.Shared.csproj", "{B05B77B9-7909-4D8C-BB3B-6B62E08FF09A}"
EndProject
Project("{FAE04EC0-301F-11D3-BF4B-00C04F79EFBC}") = "UserService.Test", "UserService.Test\UserService.Test.csproj", "{28C965CF-4FDB-4BB5-B133-87606ABC86EA}"
EndProject
Project("{FAE04EC0-301F-11D3-BF4B-00C04F79EFBC}") = "BikeService.Sonic", "BikeService.Sonic\BikeService.Sonic.csproj", "{4F82FBF4-A194-4A25-92DC-20F5D59B2E73}"
EndProject
Project("{FAE04EC0-301F-11D3-BF4B-00C04F79EFBC}") = "NotificationService", "NotificationService\NotificationService.csproj", "{47E12765-BBE9-4888-900D-33A8741C5986}"
EndProject
Project("{FAE04EC0-301F-11D3-BF4B-00C04F79EFBC}") = "PaymentService", "PaymentService\PaymentService.csproj", "{FF66D1C1-5FFA-4C51-A09D-41E475944EE1}"
EndProject
Project("{FAE04EC0-301F-11D3-BF4B-00C04F79EFBC}") = "BikeBookingService", "BikeBookingService\BikeBookingService.csproj", "{369C8E62-9956-4DF0-9C4B-0372B012DBE9}"
EndProject
Global
	GlobalSection(SolutionConfigurationPlatforms) = preSolution
		Debug|Any CPU = Debug|Any CPU
		Release|Any CPU = Release|Any CPU
	EndGlobalSection
	GlobalSection(NestedProjects) = preSolution
		{E8260F45-B30F-4306-B367-307D3F4E010C} = {8B96BDE0-9D04-48C7-B26C-CB8A0AC41CE3}
		{12D3B2B0-FCFE-4B10-8E75-830F15704055} = {E8260F45-B30F-4306-B367-307D3F4E010C}
		{BAD07FE1-4E35-4BE9-931E-91163635D004} = {8B96BDE0-9D04-48C7-B26C-CB8A0AC41CE3}
		{206A48A6-413B-4B27-AFD6-AFEBCE8E9823} = {BAD07FE1-4E35-4BE9-931E-91163635D004}
		{A383562D-29A9-4123-9DF7-3220D09D2688} = {E8260F45-B30F-4306-B367-307D3F4E010C}
		{3F8CD70B-141A-411D-B859-56F727B166A0} = {E8260F45-B30F-4306-B367-307D3F4E010C}
		{B05B77B9-7909-4D8C-BB3B-6B62E08FF09A} = {E8260F45-B30F-4306-B367-307D3F4E010C}
		{28C965CF-4FDB-4BB5-B133-87606ABC86EA} = {CC2CCD03-5E68-4A34-9A53-430232F41576}
		{4F82FBF4-A194-4A25-92DC-20F5D59B2E73} = {E8260F45-B30F-4306-B367-307D3F4E010C}
		{47E12765-BBE9-4888-900D-33A8741C5986} = {E8260F45-B30F-4306-B367-307D3F4E010C}
		{FF66D1C1-5FFA-4C51-A09D-41E475944EE1} = {E8260F45-B30F-4306-B367-307D3F4E010C}
		{369C8E62-9956-4DF0-9C4B-0372B012DBE9} = {E8260F45-B30F-4306-B367-307D3F4E010C}
	EndGlobalSection
	GlobalSection(ProjectConfigurationPlatforms) = postSolution
		{12D3B2B0-FCFE-4B10-8E75-830F15704055}.Debug|Any CPU.ActiveCfg = Debug|Any CPU
		{12D3B2B0-FCFE-4B10-8E75-830F15704055}.Debug|Any CPU.Build.0 = Debug|Any CPU
		{12D3B2B0-FCFE-4B10-8E75-830F15704055}.Release|Any CPU.ActiveCfg = Release|Any CPU
		{12D3B2B0-FCFE-4B10-8E75-830F15704055}.Release|Any CPU.Build.0 = Release|Any CPU
		{206A48A6-413B-4B27-AFD6-AFEBCE8E9823}.Debug|Any CPU.ActiveCfg = Debug|Any CPU
		{206A48A6-413B-4B27-AFD6-AFEBCE8E9823}.Debug|Any CPU.Build.0 = Debug|Any CPU
		{206A48A6-413B-4B27-AFD6-AFEBCE8E9823}.Release|Any CPU.ActiveCfg = Release|Any CPU
		{206A48A6-413B-4B27-AFD6-AFEBCE8E9823}.Release|Any CPU.Build.0 = Release|Any CPU
		{A383562D-29A9-4123-9DF7-3220D09D2688}.Debug|Any CPU.ActiveCfg = Debug|Any CPU
		{A383562D-29A9-4123-9DF7-3220D09D2688}.Debug|Any CPU.Build.0 = Debug|Any CPU
		{A383562D-29A9-4123-9DF7-3220D09D2688}.Release|Any CPU.ActiveCfg = Release|Any CPU
		{A383562D-29A9-4123-9DF7-3220D09D2688}.Release|Any CPU.Build.0 = Release|Any CPU
		{3F8CD70B-141A-411D-B859-56F727B166A0}.Debug|Any CPU.ActiveCfg = Debug|Any CPU
		{3F8CD70B-141A-411D-B859-56F727B166A0}.Debug|Any CPU.Build.0 = Debug|Any CPU
		{3F8CD70B-141A-411D-B859-56F727B166A0}.Release|Any CPU.ActiveCfg = Release|Any CPU
		{3F8CD70B-141A-411D-B859-56F727B166A0}.Release|Any CPU.Build.0 = Release|Any CPU
		{B05B77B9-7909-4D8C-BB3B-6B62E08FF09A}.Debug|Any CPU.ActiveCfg = Debug|Any CPU
		{B05B77B9-7909-4D8C-BB3B-6B62E08FF09A}.Debug|Any CPU.Build.0 = Debug|Any CPU
		{B05B77B9-7909-4D8C-BB3B-6B62E08FF09A}.Release|Any CPU.ActiveCfg = Release|Any CPU
		{B05B77B9-7909-4D8C-BB3B-6B62E08FF09A}.Release|Any CPU.Build.0 = Release|Any CPU
		{28C965CF-4FDB-4BB5-B133-87606ABC86EA}.Debug|Any CPU.ActiveCfg = Debug|Any CPU
		{28C965CF-4FDB-4BB5-B133-87606ABC86EA}.Debug|Any CPU.Build.0 = Debug|Any CPU
		{28C965CF-4FDB-4BB5-B133-87606ABC86EA}.Release|Any CPU.ActiveCfg = Release|Any CPU
		{28C965CF-4FDB-4BB5-B133-87606ABC86EA}.Release|Any CPU.Build.0 = Release|Any CPU
		{4F82FBF4-A194-4A25-92DC-20F5D59B2E73}.Debug|Any CPU.ActiveCfg = Debug|Any CPU
		{4F82FBF4-A194-4A25-92DC-20F5D59B2E73}.Debug|Any CPU.Build.0 = Debug|Any CPU
		{4F82FBF4-A194-4A25-92DC-20F5D59B2E73}.Release|Any CPU.ActiveCfg = Release|Any CPU
		{4F82FBF4-A194-4A25-92DC-20F5D59B2E73}.Release|Any CPU.Build.0 = Release|Any CPU
		{47E12765-BBE9-4888-900D-33A8741C5986}.Debug|Any CPU.ActiveCfg = Debug|Any CPU
		{47E12765-BBE9-4888-900D-33A8741C5986}.Debug|Any CPU.Build.0 = Debug|Any CPU
		{47E12765-BBE9-4888-900D-33A8741C5986}.Release|Any CPU.ActiveCfg = Release|Any CPU
		{47E12765-BBE9-4888-900D-33A8741C5986}.Release|Any CPU.Build.0 = Release|Any CPU
		{FF66D1C1-5FFA-4C51-A09D-41E475944EE1}.Debug|Any CPU.ActiveCfg = Debug|Any CPU
		{FF66D1C1-5FFA-4C51-A09D-41E475944EE1}.Debug|Any CPU.Build.0 = Debug|Any CPU
		{FF66D1C1-5FFA-4C51-A09D-41E475944EE1}.Release|Any CPU.ActiveCfg = Release|Any CPU
		{FF66D1C1-5FFA-4C51-A09D-41E475944EE1}.Release|Any CPU.Build.0 = Release|Any CPU
		{369C8E62-9956-4DF0-9C4B-0372B012DBE9}.Debug|Any CPU.ActiveCfg = Debug|Any CPU
		{369C8E62-9956-4DF0-9C4B-0372B012DBE9}.Debug|Any CPU.Build.0 = Debug|Any CPU
		{369C8E62-9956-4DF0-9C4B-0372B012DBE9}.Release|Any CPU.ActiveCfg = Release|Any CPU
		{369C8E62-9956-4DF0-9C4B-0372B012DBE9}.Release|Any CPU.Build.0 = Release|Any CPU
	EndGlobalSection
EndGlobal
